
Microsoft Visual Studio Solution File, Format Version 12.00
Project("{FAE04EC0-301F-11D3-BF4B-00C04F79EFBC}") = "Lab.Redis.Clustering.Application", "Lab.Redis.Clustering.Application\Lab.Redis.Clustering.Application.csproj", "{66B0D93B-DED9-400E-B14A-D703DC0770A6}"
EndProject
Global
	GlobalSection(SolutionConfigurationPlatforms) = preSolution
		Debug|Any CPU = Debug|Any CPU
		Release|Any CPU = Release|Any CPU
	EndGlobalSection
	GlobalSection(ProjectConfigurationPlatforms) = postSolution
		{66B0D93B-DED9-400E-B14A-D703DC0770A6}.Debug|Any CPU.ActiveCfg = Debug|Any CPU
		{66B0D93B-DED9-400E-B14A-D703DC0770A6}.Debug|Any CPU.Build.0 = Debug|Any CPU
		{66B0D93B-DED9-400E-B14A-D703DC0770A6}.Release|Any CPU.ActiveCfg = Release|Any CPU
		{66B0D93B-DED9-400E-B14A-D703DC0770A6}.Release|Any CPU.Build.0 = Release|Any CPU
	EndGlobalSection
EndGlobal
